
Microsoft Visual Studio Solution File, Format Version 12.00
# Visual Studio Version 17
VisualStudioVersion = 17.6.33723.286
MinimumVisualStudioVersion = 10.0.40219.1
Project("{FAE04EC0-301F-11D3-BF4B-00C04F79EFBC}") = "Usandogit", "Usandogit.csproj", "{5F3A055E-2A2C-4A1D-B4EB-7647B5F4C779}"
EndProject
Global
	GlobalSection(SolutionConfigurationPlatforms) = preSolution
		Debug|Any CPU = Debug|Any CPU
		Release|Any CPU = Release|Any CPU
	EndGlobalSection
	GlobalSection(ProjectConfigurationPlatforms) = postSolution
		{5F3A055E-2A2C-4A1D-B4EB-7647B5F4C779}.Debug|Any CPU.ActiveCfg = Debug|Any CPU
		{5F3A055E-2A2C-4A1D-B4EB-7647B5F4C779}.Debug|Any CPU.Build.0 = Debug|Any CPU
		{5F3A055E-2A2C-4A1D-B4EB-7647B5F4C779}.Release|Any CPU.ActiveCfg = Release|Any CPU
		{5F3A055E-2A2C-4A1D-B4EB-7647B5F4C779}.Release|Any CPU.Build.0 = Release|Any CPU
	EndGlobalSection
	GlobalSection(SolutionProperties) = preSolution
		HideSolutionNode = FALSE
	EndGlobalSection
	GlobalSection(ExtensibilityGlobals) = postSolution
		SolutionGuid = {5405E36F-2361-4FEA-9881-A1165BD2B5E4}
	EndGlobalSection
EndGlobal
